
Microsoft Visual Studio Solution File, Format Version 12.00


Project("{FAE04EC0-301F-11D3-BF4B-00C04F79EFBC}") = "Engine.Core", "Engine.Core\Engine.Core.csproj", "{FE2CA5A7-E1FF-41C2-A920-6F68E80A0B33}"
EndProject
Project("{FAE04EC0-301F-11D3-BF4B-00C04F79EFBC}") = "UI", "UI\UI.csproj", "{AD08B7FE-0048-43FA-AE99-575C5AFC3968}"
EndProject
Project("{FAE04EC0-301F-11D3-BF4B-00C04F79EFBC}") = "Math", "Math\Math.csproj", "{3B0F762A-23AE-4EAA-A4B9-F50198A5766F}"
EndProject
Project("{FAE04EC0-301F-11D3-BF4B-00C04F79EFBC}") = "Graphics", "Graphics\Graphics.csproj", "{955744EA-3FE4-409F-8D7B-4B483D3ECC57}"
EndProject
Project("{FAE04EC0-301F-11D3-BF4B-00C04F79EFBC}") = "Engine.Modules", "..\modules\Engine.Modules\Engine.Modules.csproj", "{776F0108-5A2A-4803-8479-28BFC59CC453}"
EndProject

Global
				
	GlobalSection(SolutionConfigurationPlatforms) = preSolution
		Debug|Any CPU = Debug|Any CPU
		Release|Any CPU = Release|Any CPU
	EndGlobalSection

	GlobalSection(ProjectConfigurationPlatforms) = postSolution
		{FE2CA5A7-E1FF-41C2-A920-6F68E80A0B33}.Debug|Any CPU.ActiveCfg = Debug|Any CPU
		{FE2CA5A7-E1FF-41C2-A920-6F68E80A0B33}.Debug|Any CPU.Build.0 = Debug|Any CPU
		{FE2CA5A7-E1FF-41C2-A920-6F68E80A0B33}.Release|Any CPU.ActiveCfg = Release|Any CPU
		{FE2CA5A7-E1FF-41C2-A920-6F68E80A0B33}.Release|Any CPU.Build.0 = Release|Any CPU
		{AD08B7FE-0048-43FA-AE99-575C5AFC3968}.Debug|Any CPU.ActiveCfg = Debug|Any CPU
		{AD08B7FE-0048-43FA-AE99-575C5AFC3968}.Debug|Any CPU.Build.0 = Debug|Any CPU
		{AD08B7FE-0048-43FA-AE99-575C5AFC3968}.Release|Any CPU.ActiveCfg = Release|Any CPU
		{AD08B7FE-0048-43FA-AE99-575C5AFC3968}.Release|Any CPU.Build.0 = Release|Any CPU
		{3B0F762A-23AE-4EAA-A4B9-F50198A5766F}.Debug|Any CPU.ActiveCfg = Debug|Any CPU
		{3B0F762A-23AE-4EAA-A4B9-F50198A5766F}.Debug|Any CPU.Build.0 = Debug|Any CPU
		{3B0F762A-23AE-4EAA-A4B9-F50198A5766F}.Release|Any CPU.ActiveCfg = Release|Any CPU
		{3B0F762A-23AE-4EAA-A4B9-F50198A5766F}.Release|Any CPU.Build.0 = Release|Any CPU
		{955744EA-3FE4-409F-8D7B-4B483D3ECC57}.Debug|Any CPU.ActiveCfg = Debug|Any CPU
		{955744EA-3FE4-409F-8D7B-4B483D3ECC57}.Debug|Any CPU.Build.0 = Debug|Any CPU
		{955744EA-3FE4-409F-8D7B-4B483D3ECC57}.Release|Any CPU.ActiveCfg = Release|Any CPU
		{955744EA-3FE4-409F-8D7B-4B483D3ECC57}.Release|Any CPU.Build.0 = Release|Any CPU
		{776F0108-5A2A-4803-8479-28BFC59CC453}.Debug|Any CPU.ActiveCfg = Debug|Any CPU
		{776F0108-5A2A-4803-8479-28BFC59CC453}.Debug|Any CPU.Build.0 = Debug|Any CPU
		{776F0108-5A2A-4803-8479-28BFC59CC453}.Release|Any CPU.ActiveCfg = Release|Any CPU
		{776F0108-5A2A-4803-8479-28BFC59CC453}.Release|Any CPU.Build.0 = Release|Any CPU
	EndGlobalSection

EndGlobal
